# THIS IS AN AUTOGENERATED FILE. DO NOT EDIT THIS FILE DIRECTLY.
# yarn lockfile v1


juris@^0.9.0:
  version "0.9.0"
  resolved "https://registry.yarnpkg.com/juris/-/juris-0.9.0.tgz#cd5665e6aad10b89583edf65fd9e188713163eee"
  integrity sha512-5Re86aON95Gt56AsgczfrtfuV+blm2tqafafcbUOtV7TIp1YT4ArSVkKTaUeCSSx22U0rPC61Am3YpLOr+bMcA==
